{
  "nodes": {
    "nixpkgs": {
      "locked": {
        "lastModified": 1674641431,
        "narHash": "sha256-qfo19qVZBP4qn5M5gXc/h1MDgAtPA5VxJm9s8RUAkVk=",
        "owner": "nixos",
        "repo": "nixpkgs",
        "rev": "9b97ad7b4330aacda9b2343396eb3df8a853b4fc",
        "type": "github"
      },
      "original": {
        "owner": "nixos",
        "ref": "nixos-unstable",
        "repo": "nixpkgs",
        "type": "github"
      }
    },
    "root": {
      "inputs": {
        "nixpkgs": "nixpkgs",
        "wine-8": "wine-8"
      }
    },
    "wine-8": {
      "locked": {
        "lastModified": 1674774900,
        "narHash": "sha256-mb8iEYJjoa6tcQB+NnRSAQoCQ99SSOzYRvkJbV9JSs0=",
        "owner": "SFrijters",
        "repo": "nixpkgs",
        "rev": "39653001cf698097e166903c4988cc0eba9f17cc",
        "type": "github"
      },
      "original": {
        "owner": "SFrijters",
        "ref": "wine-8",
        "repo": "nixpkgs",
        "type": "github"
      }
    }
  },
  "root": "root",
  "version": 7
}
